// !$*UTF8*$!
{
	archiveVersion = 1;
	classes = {
	};
	objectVersion = 50;
	objects = {

/* Begin PBXBuildFile section */
		5641DB6524962A2F00D611CA /* AppDelegate.swift in Sources */ = {isa = PBXBuildFile; fileRef = 5641DB6424962A2F00D611CA /* AppDelegate.swift */; };
		5641DB6724962A2F00D611CA /* SceneDelegate.swift in Sources */ = {isa = PBXBuildFile; fileRef = 5641DB6624962A2F00D611CA /* SceneDelegate.swift */; };
		5641DB6924962A2F00D611CA /* ViewController.swift in Sources */ = {isa = PBXBuildFile; fileRef = 5641DB6824962A2F00D611CA /* ViewController.swift */; };
		5641DB6C24962A2F00D611CA /* Main.storyboard in Resources */ = {isa = PBXBuildFile; fileRef = 5641DB6A24962A2F00D611CA /* Main.storyboard */; };
		5641DB6E24962A3200D611CA /* Assets.xcassets in Resources */ = {isa = PBXBuildFile; fileRef = 5641DB6D24962A3200D611CA /* Assets.xcassets */; };
		5641DB7124962A3200D611CA /* LaunchScreen.storyboard in Resources */ = {isa = PBXBuildFile; fileRef = 5641DB6F24962A3200D611CA /* LaunchScreen.storyboard */; };
		5641DB7924962FC500D611CA /* TableViewCells.swift in Sources */ = {isa = PBXBuildFile; fileRef = 5641DB7824962FC500D611CA /* TableViewCells.swift */; };
/* End PBXBuildFile section */

/* Begin PBXFileReference section */
		5641DB6124962A2F00D611CA /* ConstraintsTask.app */ = {isa = PBXFileReference; explicitFileType = wrapper.application; includeInIndex = 0; path = ConstraintsTask.app; sourceTree = BUILT_PRODUCTS_DIR; };
		5641DB6424962A2F00D611CA /* AppDelegate.swift */ = {isa = PBXFileReference; lastKnownFileType = sourcecode.swift; path = AppDelegate.swift; sourceTree = "<group>"; };
		5641DB6624962A2F00D611CA /* SceneDelegate.swift */ = {isa = PBXFileReference; lastKnownFileType = sourcecode.swift; path = SceneDelegate.swift; sourceTree = "<group>"; };
		5641DB6824962A2F00D611CA /* ViewController.swift */ = {isa = PBXFileReference; lastKnownFileType = sourcecode.swift; path = ViewController.swift; sourceTree = "<group>"; };
		5641DB6B24962A2F00D611CA /* Base */ = {isa = PBXFileReference; lastKnownFileType = file.storyboard; name = Base; path = Base.lproj/Main.storyboard; sourceTree = "<group>"; };
		5641DB6D24962A3200D611CA /* Assets.xcassets */ = {isa = PBXFileReference; lastKnownFileType = folder.assetcatalog; path = Assets.xcassets; sourceTree = "<group>"; };
		5641DB7024962A3200D611CA /* Base */ = {isa = PBXFileReference; lastKnownFileType = file.storyboard; name = Base; path = Base.lproj/LaunchScreen.storyboard; sourceTree = "<group>"; };
		5641DB7224962A3200D611CA /* Info.plist */ = {isa = PBXFileReference; lastKnownFileType = text.plist.xml; path = Info.plist; sourceTree = "<group>"; };
		5641DB7824962FC500D611CA /* TableViewCells.swift */ = {isa = PBXFileReference; lastKnownFileType = sourcecode.swift; path = TableViewCells.swift; sourceTree = "<group>"; };
/* End PBXFileReference section */

/* Begin PBXFrameworksBuildPhase section */
		5641DB5E24962A2F00D611CA /* Frameworks */ = {
			isa = PBXFrameworksBuildPhase;
			buildActionMask = 2147483647;
			files = (
			);
			runOnlyForDeploymentPostprocessing = 0;
		};
/* End PBXFrameworksBuildPhase section */

/* Begin PBXGroup section */
		5641DB5824962A2F00D611CA = {
			isa = PBXGroup;
			children = (
				5641DB6324962A2F00D611CA /* ConstraintsTask */,
				5641DB6224962A2F00D611CA /* Products */,
			);
			sourceTree = "<group>";
		};
		5641DB6224962A2F00D611CA /* Products */ = {
			isa = PBXGroup;
			children = (
				5641DB6124962A2F00D611CA /* ConstraintsTask.app */,
			);
			name = Products;
			sourceTree = "<group>";
		};
		5641DB6324962A2F00D611CA /* ConstraintsTask */ = {
			isa = PBXGroup;
			children = (
				5641DB6424962A2F00D611CA /* AppDelegate.swift */,
				5641DB6624962A2F00D611CA /* SceneDelegate.swift */,
				5641DB6824962A2F00D611CA /* ViewController.swift */,
				5641DB6A24962A2F00D611CA /* Main.storyboard */,
				5641DB6D24962A3200D611CA /* Assets.xcassets */,
				5641DB6F24962A3200D611CA /* LaunchScreen.storyboard */,
				5641DB7224962A3200D611CA /* Info.plist */,
				5641DB7824962FC500D611CA /* TableViewCells.swift */,
			);
			path = ConstraintsTask;
			sourceTree = "<group>";
		};
/* End PBXGroup section */

/* Begin PBXNativeTarget section */
		5641DB6024962A2F00D611CA /* ConstraintsTask */ = {
			isa = PBXNativeTarget;
			buildConfigurationList = 5641DB7524962A3200D611CA /* Build configuration list for PBXNativeTarget "ConstraintsTask" */;
			buildPhases = (
				5641DB5D24962A2F00D611CA /* Sources */,
				5641DB5E24962A2F00D611CA /* Frameworks */,
				5641DB5F24962A2F00D611CA /* Resources */,
			);
			buildRules = (
			);
			dependencies = (
			);
			name = ConstraintsTask;
			productName = ConstraintsTask;
			productReference = 5641DB6124962A2F00D611CA /* ConstraintsTask.app */;
			productType = "com.apple.product-type.application";
		};
/* End PBXNativeTarget section */

/* Begin PBXProject section */
		5641DB5924962A2F00D611CA /* Project object */ = {
			isa = PBXProject;
			attributes = {
				LastSwiftUpdateCheck = 1150;
				LastUpgradeCheck = 1150;
				ORGANIZATIONNAME = "David Arebuwa";
				TargetAttributes = {
					5641DB6024962A2F00D611CA = {
						CreatedOnToolsVersion = 11.5;
					};
				};
			};
			buildConfigurationList = 5641DB5C24962A2F00D611CA /* Build configuration list for PBXProject "ConstraintsTask" */;
			compatibilityVersion = "Xcode 9.3";
			developmentRegion = en;
			hasScannedForEncodings = 0;
			knownRegions = (
				en,
				Base,
			);
			mainGroup = 5641DB5824962A2F00D611CA;
			productRefGroup = 5641DB6224962A2F00D611CA /* Products */;
			projectDirPath = "";
			projectRoot = "";
			targets = (
				5641DB6024962A2F00D611CA /* ConstraintsTask */,
			);
		};
/* End PBXProject section */

/* Begin PBXResourcesBuildPhase section */
		5641DB5F24962A2F00D611CA /* Resources */ = {
			isa = PBXResourcesBuildPhase;
			buildActionMask = 2147483647;
			files = (
				5641DB7124962A3200D611CA /* LaunchScreen.storyboard in Resources */,
				5641DB6E24962A3200D611CA /* Assets.xcassets in Resources */,
				5641DB6C24962A2F00D611CA /* Main.storyboard in Resources */,
			);
			runOnlyForDeploymentPostprocessing = 0;
		};
/* End PBXResourcesBuildPhase section */

/* Begin PBXSourcesBuildPhase section */
		5641DB5D24962A2F00D611CA /* Sources */ = {
			isa = PBXSourcesBuildPhase;
			buildActionMask = 2147483647;
			files = (
				5641DB6924962A2F00D611CA /* ViewController.swift in Sources */,
				5641DB7924962FC500D611CA /* TableViewCells.swift in Sources */,
				5641DB6524962A2F00D611CA /* AppDelegate.swift in Sources */,
				5641DB6724962A2F00D611CA /* SceneDelegate.swift in Sources */,
			);
			runOnlyForDeploymentPostprocessing = 0;
		};
/* End PBXSourcesBuildPhase section */

/* Begin PBXVariantGroup section */
		5641DB6A24962A2F00D611CA /* Main.storyboard */ = {
			isa = PBXVariantGroup;
			children = (
				5641DB6B24962A2F00D611CA /* Base */,
			);
			name = Main.storyboard;
			sourceTree = "<group>";
		};
		5641DB6F24962A3200D611CA /* LaunchScreen.storyboard */ = {
			isa = PBXVariantGroup;
			children = (
				5641DB7024962A3200D611CA /* Base */,
			);
			name = LaunchScreen.storyboard;
			sourceTree = "<group>";
		};
/* End PBXVariantGroup section */

/* Begin XCBuildConfiguration section */
		5641DB7324962A3200D611CA /* Debug */ = {
			isa = XCBuildConfiguration;
			buildSettings = {
				ALWAYS_SEARCH_USER_PATHS = NO;
				CLANG_ANALYZER_NONNULL = YES;
				CLANG_ANALYZER_NUMBER_OBJECT_CONVERSION = YES_AGGRESSIVE;
				CLANG_CXX_LANGUAGE_STANDARD = "gnu++14";
				CLANG_CXX_LIBRARY = "libc++";
				CLANG_ENABLE_MODULES = YES;
				CLANG_ENABLE_OBJC_ARC = YES;
				CLANG_ENABLE_OBJC_WEAK = YES;
				CLANG_WARN_BLOCK_CAPTURE_AUTORELEASING = YES;
				CLANG_WARN_BOOL_CONVERSION = YES;
				CLANG_WARN_COMMA = YES;
				CLANG_WARN_CONSTANT_CONVERSION = YES;
				CLANG_WARN_DEPRECATED_OBJC_IMPLEMENTATIONS = YES;
				CLANG_WARN_DIRECT_OBJC_ISA_USAGE = YES_ERROR;
				CLANG_WARN_DOCUMENTATION_COMMENTS = YES;
				CLANG_WARN_EMPTY_BODY = YES;
				CLANG_WARN_ENUM_CONVERSION = YES;
				CLANG_WARN_INFINITE_RECURSION = YES;
				CLANG_WARN_INT_CONVERSION = YES;
				CLANG_WARN_NON_LITERAL_NULL_CONVERSION = YES;
				CLANG_WARN_OBJC_IMPLICIT_RETAIN_SELF = YES;
				CLANG_WARN_OBJC_LITERAL_CONVERSION = YES;
				CLANG_WARN_OBJC_ROOT_CLASS = YES_ERROR;
				CLANG_WARN_RANGE_LOOP_ANALYSIS = YES;
				CLANG_WARN_STRICT_PROTOTYPES = YES;
				CLANG_WARN_SUSPICIOUS_MOVE = YES;
				CLANG_WARN_UNGUARDED_AVAILABILITY = YES_AGGRESSIVE;
				CLANG_WARN_UNREACHABLE_CODE = YES;
				CLANG_WARN__DUPLICATE_METHOD_MATCH = YES;
				COPY_PHASE_STRIP = NO;
				DEBUG_INFORMATION_FORMAT = dwarf;
				ENABLE_STRICT_OBJC_MSGSEND = YES;
				ENABLE_TESTABILITY = YES;
				GCC_C_LANGUAGE_STANDARD = gnu11;
				GCC_DYNAMIC_NO_PIC = NO;
				GCC_NO_COMMON_BLOCKS = YES;
				GCC_OPTIMIZATION_LEVEL = 0;
				GCC_PREPROCESSOR_DEFINITIONS = (
					"DEBUG=1",
					"$(inherited)",
				);
				GCC_WARN_64_TO_32_BIT_CONVERSION = YES;
				GCC_WARN_ABOUT_RETURN_TYPE = YES_ERROR;
				GCC_WARN_UNDECLARED_SELECTOR = YES;
				GCC_WARN_UNINITIALIZED_AUTOS = YES_AGGRESSIVE;
				GCC_WARN_UNUSED_FUNCTION = YES;
				GCC_WARN_UNUSED_VARIABLE = YES;
				IPHONEOS_DEPLOYMENT_TARGET = 13.5;
				MTL_ENABLE_DEBUG_INFO = INCLUDE_SOURCE;
				MTL_FAST_MATH = YES;
				ONLY_ACTIVE_ARCH = YES;
				SDKROOT = iphoneos;
				SWIFT_ACTIVE_COMPILATION_CONDITIONS = DEBUG;
				SWIFT_OPTIMIZATION_LEVEL = "-Onone";
			};
			name = Debug;
		};
		5641DB7424962A3200D611CA /* Release */ = {
			isa = XCBuildConfiguration;
			buildSettings = {
				ALWAYS_SEARCH_USER_PATHS = NO;
				CLANG_ANALYZER_NONNULL = YES;
				CLANG_ANALYZER_NUMBER_OBJECT_CONVERSION = YES_AGGRESSIVE;
				CLANG_CXX_LANGUAGE_STANDARD = "gnu++14";
				CLANG_CXX_LIBRARY = "libc++";
				CLANG_ENABLE_MODULES = YES;
				CLANG_ENABLE_OBJC_ARC = YES;
				CLANG_ENABLE_OBJC_WEAK = YES;
				CLANG_WARN_BLOCK_CAPTURE_AUTORELEASING = YES;
				CLANG_WARN_BOOL_CONVERSION = YES;
				CLANG_WARN_COMMA = YES;
				CLANG_WARN_CONSTANT_CONVERSION = YES;
				CLANG_WARN_DEPRECATED_OBJC_IMPLEMENTATIONS = YES;
				CLANG_WARN_DIRECT_OBJC_ISA_USAGE = YES_ERROR;
				CLANG_WARN_DOCUMENTATION_COMMENTS = YES;
				CLANG_WARN_EMPTY_BODY = YES;
				CLANG_WARN_ENUM_CONVERSION = YES;
				CLANG_WARN_INFINITE_RECURSION = YES;
				CLANG_WARN_INT_CONVERSION = YES;
				CLANG_WARN_NON_LITERAL_NULL_CONVERSION = YES;
				CLANG_WARN_OBJC_IMPLICIT_RETAIN_SELF = YES;
				CLANG_WARN_OBJC_LITERAL_CONVERSION = YES;
				CLANG_WARN_OBJC_ROOT_CLASS = YES_ERROR;
				CLANG_WARN_RANGE_LOOP_ANALYSIS = YES;
				CLANG_WARN_STRICT_PROTOTYPES = YES;
				CLANG_WARN_SUSPICIOUS_MOVE = YES;
				CLANG_WARN_UNGUARDED_AVAILABILITY = YES_AGGRESSIVE;
				CLANG_WARN_UNREACHABLE_CODE = YES;
				CLANG_WARN__DUPLICATE_METHOD_MATCH = YES;
				COPY_PHASE_STRIP = NO;
				DEBUG_INFORMATION_FORMAT = "dwarf-with-dsym";
				ENABLE_NS_ASSERTIONS = NO;
				ENABLE_STRICT_OBJC_MSGSEND = YES;
				GCC_C_LANGUAGE_STANDARD = gnu11;
				GCC_NO_COMMON_BLOCKS = YES;
				GCC_WARN_64_TO_32_BIT_CONVERSION = YES;
				GCC_WARN_ABOUT_RETURN_TYPE = YES_ERROR;
				GCC_WARN_UNDECLARED_SELECTOR = YES;
				GCC_WARN_UNINITIALIZED_AUTOS = YES_AGGRESSIVE;
				GCC_WARN_UNUSED_FUNCTION = YES;
				GCC_WARN_UNUSED_VARIABLE = YES;
				IPHONEOS_DEPLOYMENT_TARGET = 13.5;
				MTL_ENABLE_DEBUG_INFO = NO;
				MTL_FAST_MATH = YES;
				SDKROOT = iphoneos;
				SWIFT_COMPILATION_MODE = wholemodule;
				SWIFT_OPTIMIZATION_LEVEL = "-O";
				VALIDATE_PRODUCT = YES;
			};
			name = Release;
		};
		5641DB7624962A3200D611CA /* Debug */ = {
			isa = XCBuildConfiguration;
			buildSettings = {
				ASSETCATALOG_COMPILER_APPICON_NAME = AppIcon;
				CODE_SIGN_STYLE = Automatic;
				DEVELOPMENT_TEAM = M35FG36ZK3;
				INFOPLIST_FILE = ConstraintsTask/Info.plist;
				LD_RUNPATH_SEARCH_PATHS = (
					"$(inherited)",
					"@executable_path/Frameworks",
				);
				PRODUCT_BUNDLE_IDENTIFIER = com.davidarebuwa.ConstraintsTask;
				PRODUCT_NAME = "$(TARGET_NAME)";
				SWIFT_VERSION = 5.0;
				TARGETED_DEVICE_FAMILY = "1,2";
			};
			name = Debug;
		};
		5641DB7724962A3200D611CA /* Release */ = {
			isa = XCBuildConfiguration;
			buildSettings = {
				ASSETCATALOG_COMPILER_APPICON_NAME = AppIcon;
				CODE_SIGN_STYLE = Automatic;
				DEVELOPMENT_TEAM = M35FG36ZK3;
				INFOPLIST_FILE = ConstraintsTask/Info.plist;
				LD_RUNPATH_SEARCH_PATHS = (
					"$(inherited)",
					"@executable_path/Frameworks",
				);
				PRODUCT_BUNDLE_IDENTIFIER = com.davidarebuwa.ConstraintsTask;
				PRODUCT_NAME = "$(TARGET_NAME)";
				SWIFT_VERSION = 5.0;
				TARGETED_DEVICE_FAMILY = "1,2";
			};
			name = Release;
		};
/* End XCBuildConfiguration section */

/* Begin XCConfigurationList section */
		5641DB5C24962A2F00D611CA /* Build configuration list for PBXProject "ConstraintsTask" */ = {
			isa = XCConfigurationList;
			buildConfigurations = (
				5641DB7324962A3200D611CA /* Debug */,
				5641DB7424962A3200D611CA /* Release */,
			);
			defaultConfigurationIsVisible = 0;
			defaultConfigurationName = Release;
		};
		5641DB7524962A3200D611CA /* Build configuration list for PBXNativeTarget "ConstraintsTask" */ = {
			isa = XCConfigurationList;
			buildConfigurations = (
				5641DB7624962A3200D611CA /* Debug */,
				5641DB7724962A3200D611CA /* Release */,
			);
			defaultConfigurationIsVisible = 0;
			defaultConfigurationName = Release;
		};
/* End XCConfigurationList section */
	};
	rootObject = 5641DB5924962A2F00D611CA /* Project object */;
}
